{
  "name": "ImageFiltersCloudinary",
  "version": "1.0.0",
  "lockfileVersion": 1,
  "requires": true,
  "dependencies": {
    "cloudinary": {
      "version": "1.27.0",
      "resolved": "https://registry.npmjs.org/cloudinary/-/cloudinary-1.27.0.tgz",
      "integrity": "sha512-3Slh8gTmEfaut+ZBIMByOXaD60QP5uw46zn3lyYYEA0mhTQ82FIrwfj98s0eZ6PciQJIJ+Ea4QPBl7Ji21TQEA==",
      "requires": {
        "cloudinary-core": "^2.10.2",
        "core-js": "3.6.5",
        "lodash": "^4.17.11",
        "q": "^1.5.1"
      }
    },
    "cloudinary-core": {
      "version": "2.11.4",
      "resolved": "https://registry.npmjs.org/cloudinary-core/-/cloudinary-core-2.11.4.tgz",
      "integrity": "sha512-F1BZczD6f5mB73D0c8gl/iuacVQQO+UhckNZxeeS9ZIVeIHbsfqwWiAZMQmIvEb7Wti/9MLU0xVwaWOak2THHA=="
    },
    "core-js": {
      "version": "3.6.5",
      "resolved": "https://registry.npmjs.org/core-js/-/core-js-3.6.5.tgz",
      "integrity": "sha512-vZVEEwZoIsI+vPEuoF9Iqf5H7/M3eeQqWlQnYa8FSKKePuYTf5MWnxb5SDAzCa60b3JBRS5g9b+Dq7b1y/RCrA=="
    },
    "lodash": {
      "version": "4.17.21",
      "resolved": "https://registry.npmjs.org/lodash/-/lodash-4.17.21.tgz",
      "integrity": "sha512-v2kDEe57lecTulaDIuNTPy3Ry4gLGJ6Z1O3vE1krgXZNrsQ+LFTGHVxVjcXPs17LhbZVGedAJv8XZ1tvj5FvSg=="
    },
    "q": {
      "version": "1.5.1",
      "resolved": "https://registry.npmjs.org/q/-/q-1.5.1.tgz",
      "integrity": "sha1-fjL3W0E4EpHQRhHxvxQQmsAGUdc="
    }
  }
}
