id: CONVERT_DATE
fileName: dist/index.js
runFunction: main
auths: []
env: null
inputs:
  - name: date
    type: Text
    default: ${{ new Date().toISOString() }}
    description: The date can be unix timestamp or date  iso string. If the input date is timestamp in seconds, then provide optional input isTimestampSeconds as true.
    required: true
  - name: format
    type: Text
    default: MM/DD/YYYY
    description: 'The format for the date. ex: DD/MM/YYYY HH:mm:ss'
    required: true
  - name: timezone
    type: Text
    description: 'Optional, the timezone, ex: Asia/Calcutta or America/Los_Angeles'
    required: false
  - name: isTimestampSeconds
    type: Boolean
    default: false
    description: Provide true if input timestamp is in seconds instead of milliseconds.
    required: false
output:
  name: formattedDate
  description: Formatted date.
  type: Text
