id: hackernews
fileName: dist/index.js
runFunction: main
auths: []
env: null
inputs:
  - name: keywords
    type: Text
    description: List of keywords for stories you want to get in a command separated way like Apple, devtools
    required: false
output:
  name: newsItems
  description: Json array for news items.
  type: JsonArray
