id: GUTHUB_CHECKOUT
fileName: dist/index.js
runFunction: main
auths:
- name: github
env: null
inputs:
- name: repository
  type: Text
  description: Repository name with owner. For example, actions/checkout
  required: true
- name: ref
  type: Text
  description: The branch, tag or SHA to checkout. When checking out the repository that triggered a workflow, this defaults to the reference or SHA for that event.  Otherwise, uses the default branch.
  required: false
- name: ssh-key
  type: Text
  description: "SSH key used to fetch the repository. The SSH key is configured with\
    \ the local  git config, which enables your scripts to run authenticated git commands.\r\
    \n      The post-job step removes the SSH key.\r\n\r\n\r\n      We recommend using\
    \ a service account with the least permissions necessary.\r\n\r\n\r\n      [Learn\
    \ more about creating and using encrypted secrets] (https://help.github.com/en/actions/automating-your-workflow-with-github-actions/creating-and-using-encrypted-secrets)"
  required: false
- name: ssh-known-hosts
  type: Text
  description: "Known hosts in addition to the user and global host key database.\
    \ The public\r\n      SSH keys for a host may be obtained using the utility `ssh-keyscan`.\
    \ For example,\r\n      `ssh-keyscan github.com`. The public key for github.com\
    \ is always implicitly added.\r\n"
  required: false
- name: ssh-default
  type: Boolean
  default: true
  description: Whether to perform strict host key checking. When true, adds the options `StrictHostKeyChecking=yes` and `CheckHostIP=no` to the SSH command line. Use the input `ssh-known-hosts` to configure additional hosts.
  required: true
- name: persist-credentials
  type: Boolean
  default: true
  description: persists the credentials
  required: true
- name: path
  type: Text
  description: Relative path under $WORKSPACE to place the repository
  required: false
- name: clean
  type: Boolean
  default: true
  description: Whether to execute `git clean -ffdx && git reset --hard HEAD` before fetching
  required: false
- name: fetch-depth
  type: Number
  default: 1
  description: Number of commits to fetch. 0 indicates all history for all branches and tags.
  required: false
- name: lfs
  type: Boolean
  default: false
  description: Whether to download Git-LFS files
  required: false
- name: submodules
  type: Boolean
  default: false
  description: "Whether to checkout submodules: `true` to checkout submodules or `recursive`\
    \ to recursively checkout submodules.\r\n\r\n\r\n      \nWhen the `ssh-key` input\
    \ is not provided, SSH URLs beginning with `git@github.com:` are converted to\
    \ HTTPS."
  required: false
- name: workspace
  type: Text
  default: /tmp/git-project
  description: Where the project will be downloaded.
  required: true
- name: ssh-strict
  type: Boolean
  default: true
  description: use ssh in strict mode
  required: false
output:
  type:
