id: GOOGLE_DRIVE_GET_FILES
runFunction: main
fileName: dist/index.js
inputs:
  - name: fileId
    type: Text
    required: true
    description: The ID of the file.
  - name: acknowledgeAbuse
    type: Boolean
    required: false
    description: Whether the user is acknowledging the risk of downloading known
      malware or other abusive files. This is only applicable when alt=media.
  - name: supportsTeamDrives
    type: Boolean
    required: false
    description: Deprecated use supportsAllDrives instead.
  - name: alt
    type: Text
    required: false
    description: Data format for the response.
  - name: fields
    type: Text
    required: false
    description: Selector specifying which fields to include in a partial response.
  - name: prettyPrint
    type: Boolean
    required: false
    description: Returns response with indentations and line breaks.
  - name: quotaUser
    type: Text
    required: false
    description: An opaque string that represents a user for quota purposes. Must
      not exceed 40 characters.
auths:
  - name: googledrive
output:
  name: fileData
  type: Text
  description: Content of a google drive file
