{
  "name": "testing-block",
  "version": "1.0.0",
  "lockfileVersion": 1,
  "requires": true,
  "dependencies": {
    "@dcodermobile/io": {
      "version": "2.1.1",
      "resolved": "https://registry.npmjs.org/@dcodermobile/io/-/io-2.1.1.tgz",
      "integrity": "sha512-NwpvVk3dxgXsTJG31ojsFNz47c6DM7szYcnalHam3Zg6e3iZgjgdQUfb1Vu4beKM+ayA3iu/+ik5cmpPAOwlbA==",
      "requires": {
        "fs": "0.0.1-security"
      }
    },
    "fs": {
      "version": "0.0.1-security",
      "resolved": "https://registry.npmjs.org/fs/-/fs-0.0.1-security.tgz",
      "integrity": "sha1-invTcYa23d84E/I4WLV+yq9eQdQ="
    }
  }
}
