id: UPLOAD_APK_TO_PLAYSTORE
fileName: apk_upload/dist/index.js
runFunction: main
auths: []
env: null
inputs:
- name: SERVICE_ACCOUNT_JSON_RAW
  type: Text
  default: ${{ secrets.SERVICE_ACCOUNT_JSON_RAW }}
  description: service account json raw string
  required: true
- name: PACKAGE_NAME
  type: Text
  description: Name of the package
  required: true
- name: RELEASE_FILES
  type: Text
  description: 'Multiple release file in string form seprated by "," '
  required: true
- name: TRACK
  type: Text
  description: Track name to upload Apk. eg- alpha
  required: true
- name: MAPPING_FILE
  type: Text
  description: Path of mapping file
  required: false
output:
  type:
