id: GET_MONGODB_CONNECTION_METRICS
fileName: dist/index.js
runFunction: main
auths: []
inputs:
- name: mongo_url
  type: Text
  description: Mongodb url with admin db access to execute serverStatus command, ex, mongodb://user:pass@host:port/dbname?replicaSet=setname
  required: true
output:
  name: stats
  description: Mongodb stats
  type: JsonObject
