id: TRANSFORM_2D_ARRAY_TO_1D_ARRAY
fileName: index.js
runFunction: main
auths: []
inputs:
  - name: data
    type: JsonArray
    default: ${{ [${{ [4,5,6] }}, ${{ [7,6,8] }}] }}
    description: 2d input array
    required: true
output:
  name: transformedArray
  description: Transformed Array Data
  type: JsonObject
