{
  "name": "logger",
  "version": "1.0.0",
  "lockfileVersion": 1,
  "requires": true,
  "dependencies": {
    "@dcodermobile/io": {
      "version": "2.1.0",
      "resolved": "https://registry.npmjs.org/@dcodermobile/io/-/io-2.1.0.tgz",
      "integrity": "sha512-wpS6IM8pqg3xs7QZGXBaolSqMi53dQkj3wvtms3QpwBdCWGkXoICFwYg1DLg9FHFHsfC01YAd7lH31ghbHihAA==",
      "requires": {
        "fs": "0.0.1-security"
      }
    },
    "fs": {
      "version": "0.0.1-security",
      "resolved": "https://registry.npmjs.org/fs/-/fs-0.0.1-security.tgz",
      "integrity": "sha1-invTcYa23d84E/I4WLV+yq9eQdQ="
    }
  }
}
