id: GET_MONGODB_DOCS_COUNT_IN_A_COLLECTION
fileName: dist/index.js
runFunction: main
auths: []
env: null
inputs:
- name: url
  type: Text
  description: Url for mongodb.
  required: true
- name: dbName
  type: Text
  description: Name of the db.
  required: true
- name: collectionName
  type: Text
  description: Name of the collection.
  required: true
- name: query
  type: JsonObject
  default: ${{ {} }}
  description: Query for filtered data as a json object.
  required: false
- name: fieldsToBeConvertedInObjectId
  type: Text
  description: Comma separated list of fields those are in query and needs to be converted to Mongodb ObjectId for example _id
  required: false
output:
  name: count
  description: mongodb docs count.
  type: Number
